Microsoft Visual Studio Solution File, Format Version 12.00
# Visual Studio Version 17
VisualStudioVersion = 17.5.2.0
MinimumVisualStudioVersion = 10.0.40219.1
Project("{FAE04EC0-301F-11D3-BF4B-00C04F79EFBC}") = "GestionInscriptions", "GestionInscriptions.csproj", "{61B68199-A8EC-EEE9-1948-F8A51A4D3FFD}"
EndProject
Global
	GlobalSection(SolutionConfigurationPlatforms) = preSolution
		Debug|Any CPU = Debug|Any CPU
		Release|Any CPU = Release|Any CPU
	EndGlobalSection
	GlobalSection(ProjectConfigurationPlatforms) = postSolution
		{61B68199-A8EC-EEE9-1948-F8A51A4D3FFD}.Debug|Any CPU.ActiveCfg = Debug|Any CPU
		{61B68199-A8EC-EEE9-1948-F8A51A4D3FFD}.Debug|Any CPU.Build.0 = Debug|Any CPU
		{61B68199-A8EC-EEE9-1948-F8A51A4D3FFD}.Release|Any CPU.ActiveCfg = Release|Any CPU
		{61B68199-A8EC-EEE9-1948-F8A51A4D3FFD}.Release|Any CPU.Build.0 = Release|Any CPU
	EndGlobalSection
	GlobalSection(SolutionProperties) = preSolution
		HideSolutionNode = FALSE
	EndGlobalSection
	GlobalSection(ExtensibilityGlobals) = postSolution
		SolutionGuid = {EB30F4D6-46BD-4474-A279-AC112B3C6F3B}
	EndGlobalSection
EndGlobal
